
Microsoft Visual Studio Solution File, Format Version 12.00
# Visual Studio Version 16
VisualStudioVersion = 16.0.31911.196
MinimumVisualStudioVersion = 10.0.40219.1
Project("{FAE04EC0-301F-11D3-BF4B-00C04F79EFBC}") = "TP13", "TP13\TP13.csproj", "{FB306113-46C0-458F-B05A-66B8BFFDC861}"
EndProject
Global
	GlobalSection(SolutionConfigurationPlatforms) = preSolution
		Debug|Any CPU = Debug|Any CPU
		Release|Any CPU = Release|Any CPU
	EndGlobalSection
	GlobalSection(ProjectConfigurationPlatforms) = postSolution
		{FB306113-46C0-458F-B05A-66B8BFFDC861}.Debug|Any CPU.ActiveCfg = Debug|Any CPU
		{FB306113-46C0-458F-B05A-66B8BFFDC861}.Debug|Any CPU.Build.0 = Debug|Any CPU
		{FB306113-46C0-458F-B05A-66B8BFFDC861}.Release|Any CPU.ActiveCfg = Release|Any CPU
		{FB306113-46C0-458F-B05A-66B8BFFDC861}.Release|Any CPU.Build.0 = Release|Any CPU
	EndGlobalSection
	GlobalSection(SolutionProperties) = preSolution
		HideSolutionNode = FALSE
	EndGlobalSection
	GlobalSection(ExtensibilityGlobals) = postSolution
		SolutionGuid = {CBF634EE-1715-4370-BAF7-494A8D56A0D4}
	EndGlobalSection
EndGlobal
